# This file is automatically @generated by Cargo.
# It is not intended for manual editing.
version = 4

[[package]]
name = "gravel"
version = "0.0.1"
dependencies = [
 "gravel-sys",
]

[[package]]
name = "gravel-demo"
version = "0.1.0"
dependencies = [
 "gravel",
]

[[package]]
name = "gravel-sys"
version = "0.0.1"
